
Microsoft Visual Studio Solution File, Format Version 12.00
# Visual Studio Version 16
VisualStudioVersion = 16.0.29123.89
MinimumVisualStudioVersion = 10.0.40219.1
Project("{FAE04EC0-301F-11D3-BF4B-00C04F79EFBC}") = "AlpineSkiHouse", "AlpineSkiHouse\AlpineSkiHouse.csproj", "{8E1F9517-2AD5-407A-B3E5-99CB370BB7A0}"
EndProject
Global
	GlobalSection(SolutionConfigurationPlatforms) = preSolution
		Debug|Any CPU = Debug|Any CPU
		Release|Any CPU = Release|Any CPU
	EndGlobalSection
	GlobalSection(ProjectConfigurationPlatforms) = postSolution
		{8E1F9517-2AD5-407A-B3E5-99CB370BB7A0}.Debug|Any CPU.ActiveCfg = Debug|Any CPU
		{8E1F9517-2AD5-407A-B3E5-99CB370BB7A0}.Debug|Any CPU.Build.0 = Debug|Any CPU
		{8E1F9517-2AD5-407A-B3E5-99CB370BB7A0}.Release|Any CPU.ActiveCfg = Release|Any CPU
		{8E1F9517-2AD5-407A-B3E5-99CB370BB7A0}.Release|Any CPU.Build.0 = Release|Any CPU
	EndGlobalSection
	GlobalSection(SolutionProperties) = preSolution
		HideSolutionNode = FALSE
	EndGlobalSection
	GlobalSection(ExtensibilityGlobals) = postSolution
		SolutionGuid = {948F9134-10FA-4905-A814-4983E1E53DFE}
	EndGlobalSection
EndGlobal
